PODS:
  - IQKeyboardManager (6.5.11)
  - Realm (10.37.0):
    - Realm/Headers (= 10.37.0)
  - Realm/Headers (10.37.0)
  - RealmSwift (10.37.0):
    - Realm (= 10.37.0)
  - TinyConstraints (4.0.2)

DEPENDENCIES:
  - IQKeyboardManager
  - RealmSwift
  - TinyConstraints

SPEC REPOS:
  trunk:
    - IQKeyboardManager
    - Realm
    - RealmSwift
    - TinyConstraints

SPEC CHECKSUMS:
  IQKeyboardManager: ef43ce1ba1e5aaf4adf222c0a46f39761f246879
  Realm: 9c5fc6f8f5cb70b299f2e3064d2b9f6cb0f1523d
  RealmSwift: 7be7bb45911c16400dd1bfce3a01764ecb4cae7a
  TinyConstraints: 7b7ccc0c485bb3bb47082138ff28bc33cd49897f

PODFILE CHECKSUM: d8d79cfb2322dbfda010f91c4d3eeeff8155f109

COCOAPODS: 1.12.0
